
Microsoft Visual Studio Solution File, Format Version 12.00
# Visual Studio 14
VisualStudioVersion = 14.0.25420.1
MinimumVisualStudioVersion = 10.0.40219.1
Project("{FAE04EC0-301F-11D3-BF4B-00C04F79EFBC}") = "Collector", "Collector\Collector.csproj", "{0CFE2E89-70A4-4505-95FF-AB8477A3C214}"
EndProject
Project("{FAE04EC0-301F-11D3-BF4B-00C04F79EFBC}") = "CurvAnalysis", "CurvAnalysis\CurvAnalysis.csproj", "{A10DF0D6-B12B-4F6A-A209-B195BEE06EA2}"
EndProject
Project("{FAE04EC0-301F-11D3-BF4B-00C04F79EFBC}") = "PH", "PH\PH.csproj", "{43C6ECDD-B688-401E-AB6C-DE6FEF8284CC}"
EndProject
Project("{FAE04EC0-301F-11D3-BF4B-00C04F79EFBC}") = "Pump", "Pump\Pump.csproj", "{38367B8F-F307-498A-BB2A-69E20C102E10}"
EndProject
Project("{FAE04EC0-301F-11D3-BF4B-00C04F79EFBC}") = "Report", "Report\Report.csproj", "{414A98C1-2DCB-4A1A-A22A-AD3944E20502}"
EndProject
Project("{FAE04EC0-301F-11D3-BF4B-00C04F79EFBC}") = "UVDetector", "UVDetector\UVDetector.csproj", "{BD2CAFBB-DAAB-45B6-8A86-8B6F560C3905}"
EndProject
Project("{FAE04EC0-301F-11D3-BF4B-00C04F79EFBC}") = "BioChome", "BioChome\BioChome.csproj", "{3ED479E8-23D8-4DDF-9856-3D527C212A90}"
	ProjectSection(ProjectDependencies) = postProject
		{BA5E46A5-D941-43CD-853D-FFA097AC71B8} = {BA5E46A5-D941-43CD-853D-FFA097AC71B8}
		{414A98C1-2DCB-4A1A-A22A-AD3944E20502} = {414A98C1-2DCB-4A1A-A22A-AD3944E20502}
	EndProjectSection
EndProject
Project("{FAE04EC0-301F-11D3-BF4B-00C04F79EFBC}") = "Register", "Register\Register.csproj", "{BA5E46A5-D941-43CD-853D-FFA097AC71B8}"
EndProject
Global
	GlobalSection(SolutionConfigurationPlatforms) = preSolution
		Debug|Any CPU = Debug|Any CPU
		Debug|x86 = Debug|x86
		Release|Any CPU = Release|Any CPU
		Release|x86 = Release|x86
	EndGlobalSection
	GlobalSection(ProjectConfigurationPlatforms) = postSolution
		{0CFE2E89-70A4-4505-95FF-AB8477A3C214}.Debug|Any CPU.ActiveCfg = Debug|x86
		{0CFE2E89-70A4-4505-95FF-AB8477A3C214}.Debug|x86.ActiveCfg = Debug|x86
		{0CFE2E89-70A4-4505-95FF-AB8477A3C214}.Debug|x86.Build.0 = Debug|x86
		{0CFE2E89-70A4-4505-95FF-AB8477A3C214}.Release|Any CPU.ActiveCfg = Release|x86
		{0CFE2E89-70A4-4505-95FF-AB8477A3C214}.Release|x86.ActiveCfg = Release|x86
		{0CFE2E89-70A4-4505-95FF-AB8477A3C214}.Release|x86.Build.0 = Release|x86
		{A10DF0D6-B12B-4F6A-A209-B195BEE06EA2}.Debug|Any CPU.ActiveCfg = Debug|x86
		{A10DF0D6-B12B-4F6A-A209-B195BEE06EA2}.Debug|x86.ActiveCfg = Debug|x86
		{A10DF0D6-B12B-4F6A-A209-B195BEE06EA2}.Debug|x86.Build.0 = Debug|x86
		{A10DF0D6-B12B-4F6A-A209-B195BEE06EA2}.Release|Any CPU.ActiveCfg = Release|x86
		{A10DF0D6-B12B-4F6A-A209-B195BEE06EA2}.Release|x86.ActiveCfg = Release|x86
		{A10DF0D6-B12B-4F6A-A209-B195BEE06EA2}.Release|x86.Build.0 = Release|x86
		{43C6ECDD-B688-401E-AB6C-DE6FEF8284CC}.Debug|Any CPU.ActiveCfg = Debug|x86
		{43C6ECDD-B688-401E-AB6C-DE6FEF8284CC}.Debug|x86.ActiveCfg = Debug|x86
		{43C6ECDD-B688-401E-AB6C-DE6FEF8284CC}.Debug|x86.Build.0 = Debug|x86
		{43C6ECDD-B688-401E-AB6C-DE6FEF8284CC}.Release|Any CPU.ActiveCfg = Release|x86
		{43C6ECDD-B688-401E-AB6C-DE6FEF8284CC}.Release|x86.ActiveCfg = Release|x86
		{43C6ECDD-B688-401E-AB6C-DE6FEF8284CC}.Release|x86.Build.0 = Release|x86
		{38367B8F-F307-498A-BB2A-69E20C102E10}.Debug|Any CPU.ActiveCfg = Debug|x86
		{38367B8F-F307-498A-BB2A-69E20C102E10}.Debug|x86.ActiveCfg = Debug|x86
		{38367B8F-F307-498A-BB2A-69E20C102E10}.Debug|x86.Build.0 = Debug|x86
		{38367B8F-F307-498A-BB2A-69E20C102E10}.Release|Any CPU.ActiveCfg = Release|x86
		{38367B8F-F307-498A-BB2A-69E20C102E10}.Release|x86.ActiveCfg = Release|x86
		{38367B8F-F307-498A-BB2A-69E20C102E10}.Release|x86.Build.0 = Release|x86
		{414A98C1-2DCB-4A1A-A22A-AD3944E20502}.Debug|Any CPU.ActiveCfg = Debug|x86
		{414A98C1-2DCB-4A1A-A22A-AD3944E20502}.Debug|x86.ActiveCfg = Debug|x86
		{414A98C1-2DCB-4A1A-A22A-AD3944E20502}.Debug|x86.Build.0 = Debug|x86
		{414A98C1-2DCB-4A1A-A22A-AD3944E20502}.Release|Any CPU.ActiveCfg = Release|x86
		{414A98C1-2DCB-4A1A-A22A-AD3944E20502}.Release|x86.ActiveCfg = Release|x86
		{414A98C1-2DCB-4A1A-A22A-AD3944E20502}.Release|x86.Build.0 = Release|x86
		{BD2CAFBB-DAAB-45B6-8A86-8B6F560C3905}.Debug|Any CPU.ActiveCfg = Debug|x86
		{BD2CAFBB-DAAB-45B6-8A86-8B6F560C3905}.Debug|x86.ActiveCfg = Debug|x86
		{BD2CAFBB-DAAB-45B6-8A86-8B6F560C3905}.Debug|x86.Build.0 = Debug|x86
		{BD2CAFBB-DAAB-45B6-8A86-8B6F560C3905}.Release|Any CPU.ActiveCfg = Release|x86
		{BD2CAFBB-DAAB-45B6-8A86-8B6F560C3905}.Release|x86.ActiveCfg = Release|x86
		{BD2CAFBB-DAAB-45B6-8A86-8B6F560C3905}.Release|x86.Build.0 = Release|x86
		{3ED479E8-23D8-4DDF-9856-3D527C212A90}.Debug|Any CPU.ActiveCfg = Debug|x86
		{3ED479E8-23D8-4DDF-9856-3D527C212A90}.Debug|x86.ActiveCfg = Debug|x86
		{3ED479E8-23D8-4DDF-9856-3D527C212A90}.Debug|x86.Build.0 = Debug|x86
		{3ED479E8-23D8-4DDF-9856-3D527C212A90}.Release|Any CPU.ActiveCfg = Release|x86
		{3ED479E8-23D8-4DDF-9856-3D527C212A90}.Release|x86.ActiveCfg = Release|x86
		{3ED479E8-23D8-4DDF-9856-3D527C212A90}.Release|x86.Build.0 = Release|x86
		{BA5E46A5-D941-43CD-853D-FFA097AC71B8}.Debug|Any CPU.ActiveCfg = Debug|Any CPU
		{BA5E46A5-D941-43CD-853D-FFA097AC71B8}.Debug|Any CPU.Build.0 = Debug|Any CPU
		{BA5E46A5-D941-43CD-853D-FFA097AC71B8}.Debug|x86.ActiveCfg = Debug|Any CPU
		{BA5E46A5-D941-43CD-853D-FFA097AC71B8}.Debug|x86.Build.0 = Debug|Any CPU
		{BA5E46A5-D941-43CD-853D-FFA097AC71B8}.Release|Any CPU.ActiveCfg = Release|Any CPU
		{BA5E46A5-D941-43CD-853D-FFA097AC71B8}.Release|Any CPU.Build.0 = Release|Any CPU
		{BA5E46A5-D941-43CD-853D-FFA097AC71B8}.Release|x86.ActiveCfg = Release|Any CPU
		{BA5E46A5-D941-43CD-853D-FFA097AC71B8}.Release|x86.Build.0 = Release|Any CPU
	EndGlobalSection
	GlobalSection(SolutionProperties) = preSolution
		HideSolutionNode = FALSE
	EndGlobalSection
EndGlobal
